
Microsoft Visual Studio Solution File, Format Version 12.00
Project("{FAE04EC0-301F-11D3-BF4B-00C04F79EFBC}") = "MHWK.Serializer", "MHWK.Serializer\MHWK.Serializer.csproj", "{3FD6A922-3307-4A6C-974B-6FF8DA661C3A}"
EndProject
Project("{FAE04EC0-301F-11D3-BF4B-00C04F79EFBC}") = "MHWK.Serializer.Test", "MHWK.Serializer.Test\MHWK.Serializer.Test.csproj", "{DD96D3EB-A010-40B0-A8D7-C1BA0367F31D}"
EndProject
Project("{FAE04EC0-301F-11D3-BF4B-00C04F79EFBC}") = "MHWK.Serializer.Example", "MHWK.Serializer.Example\MHWK.Serializer.Example.csproj", "{98B22474-30F0-41EC-86F5-ED52ACF6A31E}"
EndProject
Project("{FAE04EC0-301F-11D3-BF4B-00C04F79EFBC}") = "MHWK.Serializer.Example.Test", "MHWK.Serializer.Example.Test\MHWK.Serializer.Example.Test.csproj", "{4943D4A5-1149-4C2B-8061-E1FDD25FAB70}"
EndProject
Global
	GlobalSection(SolutionConfigurationPlatforms) = preSolution
		Debug|Any CPU = Debug|Any CPU
		Release|Any CPU = Release|Any CPU
	EndGlobalSection
	GlobalSection(ProjectConfigurationPlatforms) = postSolution
		{3FD6A922-3307-4A6C-974B-6FF8DA661C3A}.Debug|Any CPU.ActiveCfg = Debug|Any CPU
		{3FD6A922-3307-4A6C-974B-6FF8DA661C3A}.Debug|Any CPU.Build.0 = Debug|Any CPU
		{3FD6A922-3307-4A6C-974B-6FF8DA661C3A}.Release|Any CPU.ActiveCfg = Release|Any CPU
		{3FD6A922-3307-4A6C-974B-6FF8DA661C3A}.Release|Any CPU.Build.0 = Release|Any CPU
		{DD96D3EB-A010-40B0-A8D7-C1BA0367F31D}.Debug|Any CPU.ActiveCfg = Debug|Any CPU
		{DD96D3EB-A010-40B0-A8D7-C1BA0367F31D}.Debug|Any CPU.Build.0 = Debug|Any CPU
		{DD96D3EB-A010-40B0-A8D7-C1BA0367F31D}.Release|Any CPU.ActiveCfg = Release|Any CPU
		{DD96D3EB-A010-40B0-A8D7-C1BA0367F31D}.Release|Any CPU.Build.0 = Release|Any CPU
		{98B22474-30F0-41EC-86F5-ED52ACF6A31E}.Debug|Any CPU.ActiveCfg = Debug|Any CPU
		{98B22474-30F0-41EC-86F5-ED52ACF6A31E}.Debug|Any CPU.Build.0 = Debug|Any CPU
		{98B22474-30F0-41EC-86F5-ED52ACF6A31E}.Release|Any CPU.ActiveCfg = Release|Any CPU
		{98B22474-30F0-41EC-86F5-ED52ACF6A31E}.Release|Any CPU.Build.0 = Release|Any CPU
		{4943D4A5-1149-4C2B-8061-E1FDD25FAB70}.Debug|Any CPU.ActiveCfg = Debug|Any CPU
		{4943D4A5-1149-4C2B-8061-E1FDD25FAB70}.Debug|Any CPU.Build.0 = Debug|Any CPU
		{4943D4A5-1149-4C2B-8061-E1FDD25FAB70}.Release|Any CPU.ActiveCfg = Release|Any CPU
		{4943D4A5-1149-4C2B-8061-E1FDD25FAB70}.Release|Any CPU.Build.0 = Release|Any CPU
	EndGlobalSection
EndGlobal
